{
  "name": "cucumber-harness-lb2-direct",
  "lockfileVersion": 3,
  "requires": true,
  "packages": {
    "": {
      "name": "cucumber-harness-lb2-direct",
      "dependencies": {
        "@huggingface/tokenizers": "0.2.0"
      }
    },
    "node_modules/@huggingface/tokenizers": {
      "version": "0.2.0",
      "resolved": "https://registry.npmjs.org/@huggingface/tokenizers/-/tokenizers-0.2.0.tgz",
      "integrity": "sha512-LidMHe1FpcSYH4vcSjXooda34pC0M8m1gmDOv7SQi6Iv+ib1zX7J3sHBCC9/3FPCkn2k1b55FneVqMRxrr99pg==",
      "license": "Apache-2.0"
    }
  }
}
